
Microsoft Visual Studio Solution File, Format Version 12.00
# Visual Studio Version 17
VisualStudioVersion = 17.5.33627.172
MinimumVisualStudioVersion = 10.0.40219.1
Project("{9A19103F-16F7-4668-BE54-9A1E7A4F7556}") = "MafiaOnline", "MafiaOnline\MafiaOnline.csproj", "{DE5DA71D-7E6D-44E4-9A93-C15C007A6E4C}"
EndProject
Project("{9A19103F-16F7-4668-BE54-9A1E7A4F7556}") = "MafiaOnline.DataAccess", "MafiaOnline.DataAccess\MafiaOnline.DataAccess.csproj", "{D5ADB052-8564-4C6F-8E96-677D5E506312}"
EndProject
Project("{9A19103F-16F7-4668-BE54-9A1E7A4F7556}") = "MafiaOnline.BusinessLogic", "MafiaOnline.BusinessLogic\MafiaOnline.BusinessLogic.csproj", "{C3479283-B891-4C17-A3F1-3646864B1277}"
EndProject
Project("{9A19103F-16F7-4668-BE54-9A1E7A4F7556}") = "MafiaOnline.Test", "MafiaOnline.Test\MafiaOnline.Test.csproj", "{FC07CE48-44D5-4C59-A0AF-452ADBDE89A3}"
EndProject
Project("{FAE04EC0-301F-11D3-BF4B-00C04F79EFBC}") = "MafiaOnline.Utils", "MafiaOnline.Utils\MafiaOnline.Utils.csproj", "{F39A910F-935D-47C7-B270-7C315E3B0451}"
EndProject
Global
	GlobalSection(SolutionConfigurationPlatforms) = preSolution
		Debug|Any CPU = Debug|Any CPU
		Release|Any CPU = Release|Any CPU
	EndGlobalSection
	GlobalSection(ProjectConfigurationPlatforms) = postSolution
		{DE5DA71D-7E6D-44E4-9A93-C15C007A6E4C}.Debug|Any CPU.ActiveCfg = Debug|Any CPU
		{DE5DA71D-7E6D-44E4-9A93-C15C007A6E4C}.Debug|Any CPU.Build.0 = Debug|Any CPU
		{DE5DA71D-7E6D-44E4-9A93-C15C007A6E4C}.Release|Any CPU.ActiveCfg = Release|Any CPU
		{DE5DA71D-7E6D-44E4-9A93-C15C007A6E4C}.Release|Any CPU.Build.0 = Release|Any CPU
		{D5ADB052-8564-4C6F-8E96-677D5E506312}.Debug|Any CPU.ActiveCfg = Debug|Any CPU
		{D5ADB052-8564-4C6F-8E96-677D5E506312}.Debug|Any CPU.Build.0 = Debug|Any CPU
		{D5ADB052-8564-4C6F-8E96-677D5E506312}.Release|Any CPU.ActiveCfg = Release|Any CPU
		{D5ADB052-8564-4C6F-8E96-677D5E506312}.Release|Any CPU.Build.0 = Release|Any CPU
		{C3479283-B891-4C17-A3F1-3646864B1277}.Debug|Any CPU.ActiveCfg = Debug|Any CPU
		{C3479283-B891-4C17-A3F1-3646864B1277}.Debug|Any CPU.Build.0 = Debug|Any CPU
		{C3479283-B891-4C17-A3F1-3646864B1277}.Release|Any CPU.ActiveCfg = Release|Any CPU
		{C3479283-B891-4C17-A3F1-3646864B1277}.Release|Any CPU.Build.0 = Release|Any CPU
		{FC07CE48-44D5-4C59-A0AF-452ADBDE89A3}.Debug|Any CPU.ActiveCfg = Debug|Any CPU
		{FC07CE48-44D5-4C59-A0AF-452ADBDE89A3}.Debug|Any CPU.Build.0 = Debug|Any CPU
		{FC07CE48-44D5-4C59-A0AF-452ADBDE89A3}.Release|Any CPU.ActiveCfg = Release|Any CPU
		{FC07CE48-44D5-4C59-A0AF-452ADBDE89A3}.Release|Any CPU.Build.0 = Release|Any CPU
		{F39A910F-935D-47C7-B270-7C315E3B0451}.Debug|Any CPU.ActiveCfg = Debug|Any CPU
		{F39A910F-935D-47C7-B270-7C315E3B0451}.Debug|Any CPU.Build.0 = Debug|Any CPU
		{F39A910F-935D-47C7-B270-7C315E3B0451}.Release|Any CPU.ActiveCfg = Release|Any CPU
		{F39A910F-935D-47C7-B270-7C315E3B0451}.Release|Any CPU.Build.0 = Release|Any CPU
	EndGlobalSection
	GlobalSection(SolutionProperties) = preSolution
		HideSolutionNode = FALSE
	EndGlobalSection
	GlobalSection(ExtensibilityGlobals) = postSolution
		SolutionGuid = {4B555A55-B487-4C08-AC36-D06931D6D75C}
	EndGlobalSection
EndGlobal
